
Microsoft Visual Studio Solution File, Format Version 12.00
# Visual Studio Version 16
VisualStudioVersion = 16.0.31501.217
MinimumVisualStudioVersion = 10.0.40219.1
Project("{F2A71F9B-5D33-465A-A702-920D77279786}") = "Zad Punkt", "Zad Punkt\Zad Punkt.fsproj", "{E76440B5-CE2C-4714-9A28-AB8A1BB07F07}"
EndProject
Global
	GlobalSection(SolutionConfigurationPlatforms) = preSolution
		Debug|Any CPU = Debug|Any CPU
		Release|Any CPU = Release|Any CPU
	EndGlobalSection
	GlobalSection(ProjectConfigurationPlatforms) = postSolution
		{E76440B5-CE2C-4714-9A28-AB8A1BB07F07}.Debug|Any CPU.ActiveCfg = Debug|Any CPU
		{E76440B5-CE2C-4714-9A28-AB8A1BB07F07}.Debug|Any CPU.Build.0 = Debug|Any CPU
		{E76440B5-CE2C-4714-9A28-AB8A1BB07F07}.Release|Any CPU.ActiveCfg = Release|Any CPU
		{E76440B5-CE2C-4714-9A28-AB8A1BB07F07}.Release|Any CPU.Build.0 = Release|Any CPU
	EndGlobalSection
	GlobalSection(SolutionProperties) = preSolution
		HideSolutionNode = FALSE
	EndGlobalSection
	GlobalSection(ExtensibilityGlobals) = postSolution
		SolutionGuid = {38DFC8FE-E19F-49F3-B4C1-681F49376DB0}
	EndGlobalSection
EndGlobal
