
Microsoft Visual Studio Solution File, Format Version 12.00
# Visual Studio Version 16
VisualStudioVersion = 16.0.31501.217
MinimumVisualStudioVersion = 10.0.40219.1
Project("{FAE04EC0-301F-11D3-BF4B-00C04F79EFBC}") = "ConsoleApp1", "ConsoleApp1\ConsoleApp1.csproj", "{5F1D283A-8D27-4596-84AC-03DA6D8EA5CD}"
EndProject
Global
	GlobalSection(SolutionConfigurationPlatforms) = preSolution
		Debug|Any CPU = Debug|Any CPU
		Release|Any CPU = Release|Any CPU
	EndGlobalSection
	GlobalSection(ProjectConfigurationPlatforms) = postSolution
		{5F1D283A-8D27-4596-84AC-03DA6D8EA5CD}.Debug|Any CPU.ActiveCfg = Debug|Any CPU
		{5F1D283A-8D27-4596-84AC-03DA6D8EA5CD}.Debug|Any CPU.Build.0 = Debug|Any CPU
		{5F1D283A-8D27-4596-84AC-03DA6D8EA5CD}.Release|Any CPU.ActiveCfg = Release|Any CPU
		{5F1D283A-8D27-4596-84AC-03DA6D8EA5CD}.Release|Any CPU.Build.0 = Release|Any CPU
	EndGlobalSection
	GlobalSection(SolutionProperties) = preSolution
		HideSolutionNode = FALSE
	EndGlobalSection
	GlobalSection(ExtensibilityGlobals) = postSolution
		SolutionGuid = {7E52D1E5-1182-4221-802F-76694CA9B89F}
	EndGlobalSection
EndGlobal
